# This file is automatically @generated by Wally.
# It is not intended for manual editing.
registry = "test"

[[package]]
name = "reimakesgames/sol-genesis"
version = "0.1.0"
dependencies = [["goodsignal", "stravant/goodsignal@0.2.1"]]

[[package]]
name = "stravant/goodsignal"
version = "0.2.1"
dependencies = []
